{
  "name": "Amazon like login page",
  "lockfileVersion": 3,
  "requires": true,
  "packages": {
    "": {
      "dependencies": {
        "har-parser": "^0.0.1"
      }
    },
    "node_modules/har-parser": {
      "version": "0.0.1",
      "resolved": "https://registry.npmjs.org/har-parser/-/har-parser-0.0.1.tgz",
      "integrity": "sha512-l7mVsLBKeMv5r5MV/Q6CM0q0jDH3DwUyuaypT01jcfd+k7vxuVc9mHtBcODwPDOGZM2ZgsCFOEFtqwDaDi92SQ==",
      "dependencies": {
        "minimist": "^1.2.0"
      },
      "bin": {
        "har-parser": "index.js",
        "harparser": "index.js"
      },
      "engines": {
        "node": ">=10.4.1"
      }
    },
    "node_modules/minimist": {
      "version": "1.2.8",
      "resolved": "https://registry.npmjs.org/minimist/-/minimist-1.2.8.tgz",
      "integrity": "sha512-2yyAR8qBkN3YuheJanUpWC5U3bb5osDywNB8RzDVlDwDHbocAJveqqj1u8+SVD7jkWT4yvsHCpWqqWqAxb0zCA==",
      "funding": {
        "url": "https://github.com/sponsors/ljharb"
      }
    }
  }
}
